{
  "name": "@digikare/nestjs-prom",
  "version": "1.0.0",
  "lockfileVersion": 1,
  "requires": true,
  "dependencies": {
    "@nestjs/common": {
      "version": "7.3.2",
      "resolved": "https://registry.npmjs.org/@nestjs/common/-/common-7.3.2.tgz",
      "integrity": "sha512-qK8szqv0PuHDVDPbQjVV+Z91QasDIe7cbzULqtNDARIRkgU4LGk/Q+32E3kBWfp8gh5axRkgVuKtpCiq2s55Cg==",
      "dev": true,
      "requires": {
        "axios": "0.19.2",
        "cli-color": "2.0.0",
        "iterare": "1.2.1",
        "tslib": "2.0.0",
        "uuid": "8.2.0"
      },
      "dependencies": {
        "tslib": {
          "version": "2.0.0",
          "resolved": "https://registry.npmjs.org/tslib/-/tslib-2.0.0.tgz",
          "integrity": "sha512-lTqkx847PI7xEDYJntxZH89L2/aXInsyF2luSafe/+0fHOMjlBNXdH6th7f70qxLDhul7KZK0zC8V5ZIyHl0/g==",
          "dev": true
        }
      }
    },
    "@nestjs/core": {
      "version": "7.3.2",
      "resolved": "https://registry.npmjs.org/@nestjs/core/-/core-7.3.2.tgz",
      "integrity": "sha512-oL1iDfkJyM/0L+LKS+/Yo7GUJkiEcYsZY/ndONdiv1XqiBC5t76DDXry9CuJmcRH36FJ+QbI5jwpKXjRa9D5dQ==",
      "dev": true,
      "requires": {
        "@nuxtjs/opencollective": "0.2.2",
        "fast-safe-stringify": "2.0.7",
        "iterare": "1.2.1",
        "object-hash": "2.0.3",
        "path-to-regexp": "3.2.0",
        "tslib": "2.0.0",
        "uuid": "8.2.0"
      },
      "dependencies": {
        "tslib": {
          "version": "2.0.0",
          "resolved": "https://registry.npmjs.org/tslib/-/tslib-2.0.0.tgz",
          "integrity": "sha512-lTqkx847PI7xEDYJntxZH89L2/aXInsyF2luSafe/+0fHOMjlBNXdH6th7f70qxLDhul7KZK0zC8V5ZIyHl0/g==",
          "dev": true
        }
      }
    },
    "@nuxtjs/opencollective": {
      "version": "0.2.2",
      "resolved": "https://registry.npmjs.org/@nuxtjs/opencollective/-/opencollective-0.2.2.tgz",
      "integrity": "sha512-69gFVDs7mJfNjv9Zs5DFVD+pvBW+k1TaHSOqUWqAyTTfLcKI/EMYQgvEvziRd+zAFtUOoye6MfWh0qvinGISPw==",
      "dev": true,
      "requires": {
        "chalk": "^2.4.1",
        "consola": "^2.3.0",
        "node-fetch": "^2.3.0"
      }
    },
    "@types/node": {
      "version": "12.12.53",
      "resolved": "https://registry.npmjs.org/@types/node/-/node-12.12.53.tgz",
      "integrity": "sha512-51MYTDTyCziHb70wtGNFRwB4l+5JNvdqzFSkbDvpbftEgVUBEE+T5f7pROhWMp/fxp07oNIEQZd5bbfAH22ohQ==",
      "dev": true
    },
    "ansi-regex": {
      "version": "2.1.1",
      "resolved": "https://registry.npmjs.org/ansi-regex/-/ansi-regex-2.1.1.tgz",
      "integrity": "sha1-w7M6te42DYbg5ijwRorn7yfWVN8=",
      "dev": true
    },
    "ansi-styles": {
      "version": "3.2.1",
      "resolved": "https://registry.npmjs.org/ansi-styles/-/ansi-styles-3.2.1.tgz",
      "integrity": "sha512-VT0ZI6kZRdTh8YyJw3SMbYm/u+NqfsAxEpWO0Pf9sq8/e94WxxOpPKx9FR1FlyCtOVDNOQ+8ntlqFxiRc+r5qA==",
      "dev": true,
      "requires": {
        "color-convert": "^1.9.0"
      }
    },
    "arg": {
      "version": "4.1.1",
      "resolved": "https://registry.npmjs.org/arg/-/arg-4.1.1.tgz",
      "integrity": "sha512-SlmP3fEA88MBv0PypnXZ8ZfJhwmDeIE3SP71j37AiXQBXYosPV0x6uISAaHYSlSVhmHOVkomen0tbGk6Anlebw==",
      "dev": true
    },
    "axios": {
      "version": "0.19.2",
      "resolved": "https://registry.npmjs.org/axios/-/axios-0.19.2.tgz",
      "integrity": "sha512-fjgm5MvRHLhx+osE2xoekY70AhARk3a6hkN+3Io1jc00jtquGvxYlKlsFUhmUET0V5te6CcZI7lcv2Ym61mjHA==",
      "dev": true,
      "requires": {
        "follow-redirects": "1.5.10"
      }
    },
    "bintrees": {
      "version": "1.0.1",
      "resolved": "https://registry.npmjs.org/bintrees/-/bintrees-1.0.1.tgz",
      "integrity": "sha1-DmVcm5wkNeqraL9AJyJtK1WjRSQ=",
      "dev": true
    },
    "buffer-from": {
      "version": "1.1.1",
      "resolved": "https://registry.npmjs.org/buffer-from/-/buffer-from-1.1.1.tgz",
      "integrity": "sha512-MQcXEUbCKtEo7bhqEs6560Hyd4XaovZlO/k9V3hjVUF/zwW7KBVdSK4gIt/bzwS9MbR5qob+F5jusZsb0YQK2A==",
      "dev": true
    },
    "chalk": {
      "version": "2.4.2",
      "resolved": "https://registry.npmjs.org/chalk/-/chalk-2.4.2.tgz",
      "integrity": "sha512-Mti+f9lpJNcwF4tWV8/OrTTtF1gZi+f8FqlyAdouralcFWFQWF2+NgCHShjkCb+IFBLq9buZwE1xckQU4peSuQ==",
      "dev": true,
      "requires": {
        "ansi-styles": "^3.2.1",
        "escape-string-regexp": "^1.0.5",
        "supports-color": "^5.3.0"
      }
    },
    "cli-color": {
      "version": "2.0.0",
      "resolved": "https://registry.npmjs.org/cli-color/-/cli-color-2.0.0.tgz",
      "integrity": "sha512-a0VZ8LeraW0jTuCkuAGMNufareGHhyZU9z8OGsW0gXd1hZGi1SRuNRXdbGkraBBKnhyUhyebFWnRbp+dIn0f0A==",
      "dev": true,
      "requires": {
        "ansi-regex": "^2.1.1",
        "d": "^1.0.1",
        "es5-ext": "^0.10.51",
        "es6-iterator": "^2.0.3",
        "memoizee": "^0.4.14",
        "timers-ext": "^0.1.7"
      }
    },
    "color-convert": {
      "version": "1.9.3",
      "resolved": "https://registry.npmjs.org/color-convert/-/color-convert-1.9.3.tgz",
      "integrity": "sha512-QfAUtd+vFdAtFQcC8CCyYt1fYWxSqAiK2cSD6zDB8N3cpsEBAvRxp9zOGg6G/SHHJYAT88/az/IuDGALsNVbGg==",
      "dev": true,
      "requires": {
        "color-name": "1.1.3"
      }
    },
    "color-name": {
      "version": "1.1.3",
      "resolved": "https://registry.npmjs.org/color-name/-/color-name-1.1.3.tgz",
      "integrity": "sha1-p9BVi9icQveV3UIyj3QIMcpTvCU=",
      "dev": true
    },
    "consola": {
      "version": "2.14.0",
      "resolved": "https://registry.npmjs.org/consola/-/consola-2.14.0.tgz",
      "integrity": "sha512-A2j1x4u8d6SIVikhZROfpFJxQZie+cZOfQMyI/tu2+hWXe8iAv7R6FW6s6x04/7zBCst94lPddztot/d6GJiuQ==",
      "dev": true
    },
    "d": {
      "version": "1.0.1",
      "resolved": "https://registry.npmjs.org/d/-/d-1.0.1.tgz",
      "integrity": "sha512-m62ShEObQ39CfralilEQRjH6oAMtNCV1xJyEx5LpRYUVN+EviphDgUc/F3hnYbADmkiNs67Y+3ylmlG7Lnu+FA==",
      "dev": true,
      "requires": {
        "es5-ext": "^0.10.50",
        "type": "^1.0.1"
      }
    },
    "debug": {
      "version": "3.1.0",
      "resolved": "https://registry.npmjs.org/debug/-/debug-3.1.0.tgz",
      "integrity": "sha512-OX8XqP7/1a9cqkxYw2yXss15f26NKWBpDXQd0/uK/KPqdQhxbPa994hnzjcE2VqQpDslf55723cKPUOGSmMY3g==",
      "dev": true,
      "requires": {
        "ms": "2.0.0"
      }
    },
    "diff": {
      "version": "4.0.1",
      "resolved": "https://registry.npmjs.org/diff/-/diff-4.0.1.tgz",
      "integrity": "sha512-s2+XdvhPCOF01LRQBC8hf4vhbVmI2CGS5aZnxLJlT5FtdhPCDFq80q++zK2KlrVorVDdL5BOGZ/VfLrVtYNF+Q==",
      "dev": true
    },
    "es5-ext": {
      "version": "0.10.53",
      "resolved": "https://registry.npmjs.org/es5-ext/-/es5-ext-0.10.53.tgz",
      "integrity": "sha512-Xs2Stw6NiNHWypzRTY1MtaG/uJlwCk8kH81920ma8mvN8Xq1gsfhZvpkImLQArw8AHnv8MT2I45J3c0R8slE+Q==",
      "dev": true,
      "requires": {
        "es6-iterator": "~2.0.3",
        "es6-symbol": "~3.1.3",
        "next-tick": "~1.0.0"
      }
    },
    "es6-iterator": {
      "version": "2.0.3",
      "resolved": "https://registry.npmjs.org/es6-iterator/-/es6-iterator-2.0.3.tgz",
      "integrity": "sha1-p96IkUGgWpSwhUQDstCg+/qY87c=",
      "dev": true,
      "requires": {
        "d": "1",
        "es5-ext": "^0.10.35",
        "es6-symbol": "^3.1.1"
      }
    },
    "es6-symbol": {
      "version": "3.1.3",
      "resolved": "https://registry.npmjs.org/es6-symbol/-/es6-symbol-3.1.3.tgz",
      "integrity": "sha512-NJ6Yn3FuDinBaBRWl/q5X/s4koRHBrgKAu+yGI6JCBeiu3qrcbJhwT2GeR/EXVfylRk8dpQVJoLEFhK+Mu31NA==",
      "dev": true,
      "requires": {
        "d": "^1.0.1",
        "ext": "^1.1.2"
      }
    },
    "es6-weak-map": {
      "version": "2.0.3",
      "resolved": "https://registry.npmjs.org/es6-weak-map/-/es6-weak-map-2.0.3.tgz",
      "integrity": "sha512-p5um32HOTO1kP+w7PRnB+5lQ43Z6muuMuIMffvDN8ZB4GcnjLBV6zGStpbASIMk4DCAvEaamhe2zhyCb/QXXsA==",
      "dev": true,
      "requires": {
        "d": "1",
        "es5-ext": "^0.10.46",
        "es6-iterator": "^2.0.3",
        "es6-symbol": "^3.1.1"
      }
    },
    "escape-string-regexp": {
      "version": "1.0.5",
      "resolved": "https://registry.npmjs.org/escape-string-regexp/-/escape-string-regexp-1.0.5.tgz",
      "integrity": "sha1-G2HAViGQqN/2rjuyzwIAyhMLhtQ=",
      "dev": true
    },
    "event-emitter": {
      "version": "0.3.5",
      "resolved": "https://registry.npmjs.org/event-emitter/-/event-emitter-0.3.5.tgz",
      "integrity": "sha1-34xp7vFkeSPHFXuc6DhAYQsCzDk=",
      "dev": true,
      "requires": {
        "d": "1",
        "es5-ext": "~0.10.14"
      }
    },
    "ext": {
      "version": "1.4.0",
      "resolved": "https://registry.npmjs.org/ext/-/ext-1.4.0.tgz",
      "integrity": "sha512-Key5NIsUxdqKg3vIsdw9dSuXpPCQ297y6wBjL30edxwPgt2E44WcWBZey/ZvUc6sERLTxKdyCu4gZFmUbk1Q7A==",
      "dev": true,
      "requires": {
        "type": "^2.0.0"
      },
      "dependencies": {
        "type": {
          "version": "2.0.0",
          "resolved": "https://registry.npmjs.org/type/-/type-2.0.0.tgz",
          "integrity": "sha512-KBt58xCHry4Cejnc2ISQAF7QY+ORngsWfxezO68+12hKV6lQY8P/psIkcbjeHWn7MqcgciWJyCCevFMJdIXpow==",
          "dev": true
        }
      }
    },
    "fast-safe-stringify": {
      "version": "2.0.7",
      "resolved": "https://registry.npmjs.org/fast-safe-stringify/-/fast-safe-stringify-2.0.7.tgz",
      "integrity": "sha512-Utm6CdzT+6xsDk2m8S6uL8VHxNwI6Jub+e9NYTcAms28T84pTa25GJQV9j0CY0N1rM8hK4x6grpF2BQf+2qwVA==",
      "dev": true
    },
    "follow-redirects": {
      "version": "1.5.10",
      "resolved": "https://registry.npmjs.org/follow-redirects/-/follow-redirects-1.5.10.tgz",
      "integrity": "sha512-0V5l4Cizzvqt5D44aTXbFZz+FtyXV1vrDN6qrelxtfYQKW0KO0W2T/hkE8xvGa/540LkZlkaUjO4ailYTFtHVQ==",
      "dev": true,
      "requires": {
        "debug": "=3.1.0"
      }
    },
    "has-flag": {
      "version": "3.0.0",
      "resolved": "https://registry.npmjs.org/has-flag/-/has-flag-3.0.0.tgz",
      "integrity": "sha1-tdRU3CGZriJWmfNGfloH87lVuv0=",
      "dev": true
    },
    "is-promise": {
      "version": "2.2.2",
      "resolved": "https://registry.npmjs.org/is-promise/-/is-promise-2.2.2.tgz",
      "integrity": "sha512-+lP4/6lKUBfQjZ2pdxThZvLUAafmZb8OAxFb8XXtiQmS35INgr85hdOGoEs124ez1FCnZJt6jau/T+alh58QFQ==",
      "dev": true
    },
    "iterare": {
      "version": "1.2.1",
      "resolved": "https://registry.npmjs.org/iterare/-/iterare-1.2.1.tgz",
      "integrity": "sha512-RKYVTCjAnRthyJes037NX/IiqeidgN1xc3j1RjFfECFp28A1GVwK9nA+i0rJPaHqSZwygLzRnFlzUuHFoWWy+Q==",
      "dev": true
    },
    "lru-queue": {
      "version": "0.1.0",
      "resolved": "https://registry.npmjs.org/lru-queue/-/lru-queue-0.1.0.tgz",
      "integrity": "sha1-Jzi9nw089PhEkMVzbEhpmsYyzaM=",
      "dev": true,
      "requires": {
        "es5-ext": "~0.10.2"
      }
    },
    "make-error": {
      "version": "1.3.5",
      "resolved": "https://registry.npmjs.org/make-error/-/make-error-1.3.5.tgz",
      "integrity": "sha512-c3sIjNUow0+8swNwVpqoH4YCShKNFkMaw6oH1mNS2haDZQqkeZFlHS3dhoeEbKKmJB4vXpJucU6oH75aDYeE9g==",
      "dev": true
    },
    "memoizee": {
      "version": "0.4.14",
      "resolved": "https://registry.npmjs.org/memoizee/-/memoizee-0.4.14.tgz",
      "integrity": "sha512-/SWFvWegAIYAO4NQMpcX+gcra0yEZu4OntmUdrBaWrJncxOqAziGFlHxc7yjKVK2uu3lpPW27P27wkR82wA8mg==",
      "dev": true,
      "requires": {
        "d": "1",
        "es5-ext": "^0.10.45",
        "es6-weak-map": "^2.0.2",
        "event-emitter": "^0.3.5",
        "is-promise": "^2.1",
        "lru-queue": "0.1",
        "next-tick": "1",
        "timers-ext": "^0.1.5"
      }
    },
    "ms": {
      "version": "2.0.0",
      "resolved": "https://registry.npmjs.org/ms/-/ms-2.0.0.tgz",
      "integrity": "sha1-VgiurfwAvmwpAd9fmGF4jeDVl8g=",
      "dev": true
    },
    "next-tick": {
      "version": "1.0.0",
      "resolved": "https://registry.npmjs.org/next-tick/-/next-tick-1.0.0.tgz",
      "integrity": "sha1-yobR/ogoFpsBICCOPchCS524NCw=",
      "dev": true
    },
    "node-fetch": {
      "version": "2.6.0",
      "resolved": "https://registry.npmjs.org/node-fetch/-/node-fetch-2.6.0.tgz",
      "integrity": "sha512-8dG4H5ujfvFiqDmVu9fQ5bOHUC15JMjMY/Zumv26oOvvVJjM67KF8koCWIabKQ1GJIa9r2mMZscBq/TbdOcmNA==",
      "dev": true
    },
    "object-hash": {
      "version": "2.0.3",
      "resolved": "https://registry.npmjs.org/object-hash/-/object-hash-2.0.3.tgz",
      "integrity": "sha512-JPKn0GMu+Fa3zt3Bmr66JhokJU5BaNBIh4ZeTlaCBzrBsOeXzwcKKAK1tbLiPKgvwmPXsDvvLHoWh5Bm7ofIYg==",
      "dev": true
    },
    "path-to-regexp": {
      "version": "3.2.0",
      "resolved": "https://registry.npmjs.org/path-to-regexp/-/path-to-regexp-3.2.0.tgz",
      "integrity": "sha512-jczvQbCUS7XmS7o+y1aEO9OBVFeZBQ1MDSEqmO7xSoPgOPoowY/SxLpZ6Vh97/8qHZOteiCKb7gkG9gA2ZUxJA==",
      "dev": true
    },
    "prom-client": {
      "version": "12.0.0",
      "resolved": "https://registry.npmjs.org/prom-client/-/prom-client-12.0.0.tgz",
      "integrity": "sha512-JbzzHnw0VDwCvoqf8y1WDtq4wSBAbthMB1pcVI/0lzdqHGJI3KBJDXle70XK+c7Iv93Gihqo0a5LlOn+g8+DrQ==",
      "dev": true,
      "requires": {
        "tdigest": "^0.1.1"
      }
    },
    "reflect-metadata": {
      "version": "0.1.13",
      "resolved": "https://registry.npmjs.org/reflect-metadata/-/reflect-metadata-0.1.13.tgz",
      "integrity": "sha512-Ts1Y/anZELhSsjMcU605fU9RE4Oi3p5ORujwbIKXfWa+0Zxs510Qrmrce5/Jowq3cHSZSJqBjypxmHarc+vEWg==",
      "dev": true
    },
    "rxjs": {
      "version": "6.6.0",
      "resolved": "https://registry.npmjs.org/rxjs/-/rxjs-6.6.0.tgz",
      "integrity": "sha512-3HMA8z/Oz61DUHe+SdOiQyzIf4tOx5oQHmMir7IZEu6TMqCLHT4LRcmNaUS0NwOz8VLvmmBduMsoaUvMaIiqzg==",
      "dev": true,
      "requires": {
        "tslib": "^1.9.0"
      }
    },
    "source-map": {
      "version": "0.6.1",
      "resolved": "https://registry.npmjs.org/source-map/-/source-map-0.6.1.tgz",
      "integrity": "sha512-UjgapumWlbMhkBgzT7Ykc5YXUT46F0iKu8SGXq0bcwP5dz/h0Plj6enJqjz1Zbq2l5WaqYnrVbwWOWMyF3F47g==",
      "dev": true
    },
    "source-map-support": {
      "version": "0.5.13",
      "resolved": "https://registry.npmjs.org/source-map-support/-/source-map-support-0.5.13.tgz",
      "integrity": "sha512-SHSKFHadjVA5oR4PPqhtAVdcBWwRYVd6g6cAXnIbRiIwc2EhPrTuKUBdSLvlEKyIP3GCf89fltvcZiP9MMFA1w==",
      "dev": true,
      "requires": {
        "buffer-from": "^1.0.0",
        "source-map": "^0.6.0"
      }
    },
    "supports-color": {
      "version": "5.5.0",
      "resolved": "https://registry.npmjs.org/supports-color/-/supports-color-5.5.0.tgz",
      "integrity": "sha512-QjVjwdXIt408MIiAqCX4oUKsgU2EqAGzs2Ppkm4aQYbjm+ZEWEcW4SfFNTr4uMNZma0ey4f5lgLrkB0aX0QMow==",
      "dev": true,
      "requires": {
        "has-flag": "^3.0.0"
      }
    },
    "tdigest": {
      "version": "0.1.1",
      "resolved": "https://registry.npmjs.org/tdigest/-/tdigest-0.1.1.tgz",
      "integrity": "sha1-Ljyyw56kSeVdHmzZEReszKRYgCE=",
      "dev": true,
      "requires": {
        "bintrees": "1.0.1"
      }
    },
    "timers-ext": {
      "version": "0.1.7",
      "resolved": "https://registry.npmjs.org/timers-ext/-/timers-ext-0.1.7.tgz",
      "integrity": "sha512-b85NUNzTSdodShTIbky6ZF02e8STtVVfD+fu4aXXShEELpozH+bCpJLYMPZbsABN2wDH7fJpqIoXxJpzbf0NqQ==",
      "dev": true,
      "requires": {
        "es5-ext": "~0.10.46",
        "next-tick": "1"
      }
    },
    "ts-node": {
      "version": "8.3.0",
      "resolved": "https://registry.npmjs.org/ts-node/-/ts-node-8.3.0.tgz",
      "integrity": "sha512-dyNS/RqyVTDcmNM4NIBAeDMpsAdaQ+ojdf0GOLqE6nwJOgzEkdRNzJywhDfwnuvB10oa6NLVG1rUJQCpRN7qoQ==",
      "dev": true,
      "requires": {
        "arg": "^4.1.0",
        "diff": "^4.0.1",
        "make-error": "^1.1.1",
        "source-map-support": "^0.5.6",
        "yn": "^3.0.0"
      }
    },
    "tslib": {
      "version": "1.13.0",
      "resolved": "https://registry.npmjs.org/tslib/-/tslib-1.13.0.tgz",
      "integrity": "sha512-i/6DQjL8Xf3be4K/E6Wgpekn5Qasl1usyw++dAA35Ue5orEn65VIxOA+YvNNl9HV3qv70T7CNwjODHZrLwvd1Q==",
      "dev": true
    },
    "type": {
      "version": "1.2.0",
      "resolved": "https://registry.npmjs.org/type/-/type-1.2.0.tgz",
      "integrity": "sha512-+5nt5AAniqsCnu2cEQQdpzCAh33kVx8n0VoFidKpB1dVVLAN/F+bgVOqOJqOnEnrhp222clB5p3vUlD+1QAnfg==",
      "dev": true
    },
    "typescript": {
      "version": "3.9.7",
      "resolved": "https://registry.npmjs.org/typescript/-/typescript-3.9.7.tgz",
      "integrity": "sha512-BLbiRkiBzAwsjut4x/dsibSTB6yWpwT5qWmC2OfuCg3GgVQCSgMs4vEctYPhsaGtd0AeuuHMkjZ2h2WG8MSzRw==",
      "dev": true
    },
    "uuid": {
      "version": "8.2.0",
      "resolved": "https://registry.npmjs.org/uuid/-/uuid-8.2.0.tgz",
      "integrity": "sha512-CYpGiFTUrmI6OBMkAdjSDM0k5h8SkkiTP4WAjQgDgNB1S3Ou9VBEvr6q0Kv2H1mMk7IWfxYGpMH5sd5AvcIV2Q==",
      "dev": true
    },
    "yn": {
      "version": "3.1.1",
      "resolved": "https://registry.npmjs.org/yn/-/yn-3.1.1.tgz",
      "integrity": "sha512-Ux4ygGWsu2c7isFWe8Yu1YluJmqVhxqK2cLXNQA5AcC3QfbGNpM7fu0Y8b/z16pXLnFxZYvWhd3fhBY9DLmC6Q==",
      "dev": true
    }
  }
}
